
Microsoft Visual Studio Solution File, Format Version 12.00
# Visual Studio 15
VisualStudioVersion = 15.0.27004.2010
MinimumVisualStudioVersion = 10.0.40219.1
Project("{FAE04EC0-301F-11D3-BF4B-00C04F79EFBC}") = "01_Murray-Davis", "01_Murray-Davis\01_Murray-Davis.csproj", "{9FAA9293-7E78-4768-963C-74412B65264F}"
EndProject
Project("{FAE04EC0-301F-11D3-BF4B-00C04F79EFBC}") = "Alglib", "Alglib\Alglib.csproj", "{6FE62E40-8A11-49D3-AD21-9914EECE83A5}"
EndProject
Project("{FAE04EC0-301F-11D3-BF4B-00C04F79EFBC}") = "Search_number", "Search_number\Search_number.csproj", "{5CE3B1A5-E586-4068-8271-1FF8466944AD}"
EndProject
Global
	GlobalSection(SolutionConfigurationPlatforms) = preSolution
		Debug|Any CPU = Debug|Any CPU
		Release|Any CPU = Release|Any CPU
	EndGlobalSection
	GlobalSection(ProjectConfigurationPlatforms) = postSolution
		{9FAA9293-7E78-4768-963C-74412B65264F}.Debug|Any CPU.ActiveCfg = Debug|Any CPU
		{9FAA9293-7E78-4768-963C-74412B65264F}.Debug|Any CPU.Build.0 = Debug|Any CPU
		{9FAA9293-7E78-4768-963C-74412B65264F}.Release|Any CPU.ActiveCfg = Release|Any CPU
		{9FAA9293-7E78-4768-963C-74412B65264F}.Release|Any CPU.Build.0 = Release|Any CPU
		{6FE62E40-8A11-49D3-AD21-9914EECE83A5}.Debug|Any CPU.ActiveCfg = Debug|Any CPU
		{6FE62E40-8A11-49D3-AD21-9914EECE83A5}.Debug|Any CPU.Build.0 = Debug|Any CPU
		{6FE62E40-8A11-49D3-AD21-9914EECE83A5}.Release|Any CPU.ActiveCfg = Release|Any CPU
		{6FE62E40-8A11-49D3-AD21-9914EECE83A5}.Release|Any CPU.Build.0 = Release|Any CPU
		{5CE3B1A5-E586-4068-8271-1FF8466944AD}.Debug|Any CPU.ActiveCfg = Debug|Any CPU
		{5CE3B1A5-E586-4068-8271-1FF8466944AD}.Debug|Any CPU.Build.0 = Debug|Any CPU
		{5CE3B1A5-E586-4068-8271-1FF8466944AD}.Release|Any CPU.ActiveCfg = Release|Any CPU
		{5CE3B1A5-E586-4068-8271-1FF8466944AD}.Release|Any CPU.Build.0 = Release|Any CPU
	EndGlobalSection
	GlobalSection(SolutionProperties) = preSolution
		HideSolutionNode = FALSE
	EndGlobalSection
	GlobalSection(ExtensibilityGlobals) = postSolution
		SolutionGuid = {34914D7B-0153-48EF-827A-0F8C9B52B732}
	EndGlobalSection
EndGlobal
